
Microsoft Visual Studio Solution File, Format Version 12.00
# Visual Studio 14
VisualStudioVersion = 14.0.25420.1
MinimumVisualStudioVersion = 10.0.40219.1
Project("{FAE04EC0-301F-11D3-BF4B-00C04F79EFBC}") = "GerberParser", "GerberParser\GerberParser.csproj", "{38601153-EC40-4BBE-9D1D-EC2E58AF2ED5}"
EndProject
Project("{FAE04EC0-301F-11D3-BF4B-00C04F79EFBC}") = "GerberFileConsole", "GerberFileConsole\GerberFileConsole.csproj", "{295058BC-C59A-482A-9524-642FA904E5DC}"
EndProject
Global
	GlobalSection(SolutionConfigurationPlatforms) = preSolution
		Debug|Any CPU = Debug|Any CPU
		Release|Any CPU = Release|Any CPU
	EndGlobalSection
	GlobalSection(ProjectConfigurationPlatforms) = postSolution
		{38601153-EC40-4BBE-9D1D-EC2E58AF2ED5}.Debug|Any CPU.ActiveCfg = Debug|Any CPU
		{38601153-EC40-4BBE-9D1D-EC2E58AF2ED5}.Debug|Any CPU.Build.0 = Debug|Any CPU
		{38601153-EC40-4BBE-9D1D-EC2E58AF2ED5}.Release|Any CPU.ActiveCfg = Release|Any CPU
		{38601153-EC40-4BBE-9D1D-EC2E58AF2ED5}.Release|Any CPU.Build.0 = Release|Any CPU
		{295058BC-C59A-482A-9524-642FA904E5DC}.Debug|Any CPU.ActiveCfg = Debug|Any CPU
		{295058BC-C59A-482A-9524-642FA904E5DC}.Debug|Any CPU.Build.0 = Debug|Any CPU
		{295058BC-C59A-482A-9524-642FA904E5DC}.Release|Any CPU.ActiveCfg = Release|Any CPU
		{295058BC-C59A-482A-9524-642FA904E5DC}.Release|Any CPU.Build.0 = Release|Any CPU
	EndGlobalSection
	GlobalSection(SolutionProperties) = preSolution
		HideSolutionNode = FALSE
	EndGlobalSection
EndGlobal
